
Microsoft Visual Studio Solution File, Format Version 12.00
# Visual Studio Version 16
VisualStudioVersion = 16.0.29409.12
MinimumVisualStudioVersion = 10.0.40219.1
Project("{FAE04EC0-301F-11D3-BF4B-00C04F79EFBC}") = "API Backup", "API Backup\API Backup.csproj", "{FB09DFC8-3E3C-4EC4-BC25-30336B75479B}"
EndProject
Global
	GlobalSection(SolutionConfigurationPlatforms) = preSolution
		Debug|Any CPU = Debug|Any CPU
		Release|Any CPU = Release|Any CPU
	EndGlobalSection
	GlobalSection(ProjectConfigurationPlatforms) = postSolution
		{FB09DFC8-3E3C-4EC4-BC25-30336B75479B}.Debug|Any CPU.ActiveCfg = Debug|Any CPU
		{FB09DFC8-3E3C-4EC4-BC25-30336B75479B}.Debug|Any CPU.Build.0 = Debug|Any CPU
		{FB09DFC8-3E3C-4EC4-BC25-30336B75479B}.Release|Any CPU.ActiveCfg = Release|Any CPU
		{FB09DFC8-3E3C-4EC4-BC25-30336B75479B}.Release|Any CPU.Build.0 = Release|Any CPU
	EndGlobalSection
	GlobalSection(SolutionProperties) = preSolution
		HideSolutionNode = FALSE
	EndGlobalSection
	GlobalSection(ExtensibilityGlobals) = postSolution
		SolutionGuid = {456480CC-CDC7-4C52-A111-2BB5B76B6173}
	EndGlobalSection
EndGlobal
